{
  "originHash" : "e351d50761ce0a1a5b9b245d6ad52027d01c464856aa7199c52641a9611142a3",
  "pins" : [
    {
      "identity" : "posthog-ios",
      "kind" : "remoteSourceControl",
      "location" : "https://github.com/PostHog/posthog-ios.git",
      "state" : {
        "revision" : "cf56a54a4316616a17a538fb96bd8239b6dd0105",
        "version" : "3.70.1"
      }
    },
    {
      "identity" : "purchases-ios-spm",
      "kind" : "remoteSourceControl",
      "location" : "https://github.com/RevenueCat/purchases-ios-spm.git",
      "state" : {
        "revision" : "5d24ed423830598cf28e3f69d9392464c4c023c5",
        "version" : "5.83.2"
      }
    },
    {
      "identity" : "tiktok-business-ios-sdk",
      "kind" : "remoteSourceControl",
      "location" : "https://github.com/tiktok/tiktok-business-ios-sdk.git",
      "state" : {
        "revision" : "2a3a35560c2c0547f74869c58160946e29c0932c",
        "version" : "1.7.2"
      }
    }
  ],
  "version" : 3
}
